<?xml version="1.0" encoding="utf-8"?>
<Project ToolsVersion="4.0" xmlns="http://schemas.microsoft.com/developer/msbuild/2003">
  <ItemGroup>
    <Filter Include="源文件">
      <UniqueIdentifier>{4FC737F1-C7A5-4376-A066-2A32D752A2FF}</UniqueIdentifier>
      <Extensions>cpp;c;cc;cxx;c++;cppm;ixx;def;odl;idl;hpj;bat;asm;asmx</Extensions>
    </Filter>
    <Filter Include="头文件">
      <UniqueIdentifier>{93995380-89BD-4b04-88EB-625FBE52EBFB}</UniqueIdentifier>
      <Extensions>h;hh;hpp;hxx;h++;hm;inl;inc;ipp;xsd</Extensions>
    </Filter>
    <Filter Include="资源文件">
      <UniqueIdentifier>{67DA6AB6-F800-4c08-8B7A-83BB121AAD01}</UniqueIdentifier>
      <Extensions>rc;ico;cur;bmp;dlg;rc2;rct;bin;rgs;gif;jpg;jpeg;jpe;resx;tiff;tif;png;wav;mfcribbon-ms</Extensions>
    </Filter>
    <Filter Include="头文件\结构型模式">
      <UniqueIdentifier>{3809a03b-6af5-49c3-b9c5-2eaccdbad194}</UniqueIdentifier>
    </Filter>
    <Filter Include="头文件\创建型模式">
      <UniqueIdentifier>{aa16e5a1-b086-4126-a00d-566779d823f6}</UniqueIdentifier>
    </Filter>
    <Filter Include="头文件\行为模式">
      <UniqueIdentifier>{1fd0c3a4-7a32-400f-bb8e-882f0da82be4}</UniqueIdentifier>
    </Filter>
  </ItemGroup>
  <ItemGroup>
    <ClCompile Include="main.cpp">
      <Filter>源文件</Filter>
    </ClCompile>
  </ItemGroup>
  <ItemGroup>
    <ClInclude Include="行为模式\Observer.hpp">
      <Filter>头文件\行为模式</Filter>
    </ClInclude>
    <ClInclude Include="创建型模式\FactoryMethod.hpp">
      <Filter>头文件\创建型模式</Filter>
    </ClInclude>
    <ClInclude Include="创建型模式\AbstractFactory.hpp">
      <Filter>头文件\创建型模式</Filter>
    </ClInclude>
    <ClInclude Include="创建型模式\Builder.hpp">
      <Filter>头文件\创建型模式</Filter>
    </ClInclude>
    <ClInclude Include="创建型模式\Prototype.hpp">
      <Filter>头文件\创建型模式</Filter>
    </ClInclude>
    <ClInclude Include="创建型模式\Singleton.hpp">
      <Filter>头文件\创建型模式</Filter>
    </ClInclude>
    <ClInclude Include="结构型模式\Adapter.hpp">
      <Filter>头文件\结构型模式</Filter>
    </ClInclude>
    <ClInclude Include="结构型模式\Bridge.hpp">
      <Filter>头文件\结构型模式</Filter>
    </ClInclude>
    <ClInclude Include="结构型模式\Composite.hpp">
      <Filter>头文件\结构型模式</Filter>
    </ClInclude>
    <ClInclude Include="结构型模式\Decorator.hpp">
      <Filter>头文件\结构型模式</Filter>
    </ClInclude>
    <ClInclude Include="结构型模式\Facade.hpp">
      <Filter>头文件\结构型模式</Filter>
    </ClInclude>
    <ClInclude Include="结构型模式\Flyweight.hpp">
      <Filter>头文件\结构型模式</Filter>
    </ClInclude>
    <ClInclude Include="结构型模式\Proxy.hpp">
      <Filter>头文件\结构型模式</Filter>
    </ClInclude>
    <ClInclude Include="行为模式\ChainofResponsibility.hpp">
      <Filter>头文件\行为模式</Filter>
    </ClInclude>
    <ClInclude Include="行为模式\Command.hpp">
      <Filter>头文件\行为模式</Filter>
    </ClInclude>
    <ClInclude Include="行为模式\Iterator.hpp">
      <Filter>头文件\行为模式</Filter>
    </ClInclude>
    <ClInclude Include="行为模式\Mediator.hpp">
      <Filter>头文件\行为模式</Filter>
    </ClInclude>
    <ClInclude Include="行为模式\Memento.hpp">
      <Filter>头文件\行为模式</Filter>
    </ClInclude>
    <ClInclude Include="行为模式\State.hpp">
      <Filter>头文件\行为模式</Filter>
    </ClInclude>
    <ClInclude Include="行为模式\Strategy.hpp">
      <Filter>头文件\行为模式</Filter>
    </ClInclude>
    <ClInclude Include="行为模式\TemplateMethod.hpp">
      <Filter>头文件\行为模式</Filter>
    </ClInclude>
    <ClInclude Include="行为模式\Visitor.hpp">
      <Filter>头文件\行为模式</Filter>
    </ClInclude>
  </ItemGroup>
</Project>